{
  "name": "backend",
  "lockfileVersion": 3,
  "requires": true,
  "packages": {
    "": {
      "dependencies": {
        "@openrouter/sdk": "^0.3.11"
      }
    },
    "node_modules/@openrouter/sdk": {
      "version": "0.3.11",
      "resolved": "https://registry.npmjs.org/@openrouter/sdk/-/sdk-0.3.11.tgz",
      "integrity": "sha512-lXhyY+AFvrOjAqg6fktd/3S/6J5u5yp1nYyP6yluqVTzgnsfZs8/QM3rGa0kZdhB4d/fzJhyT+4oGNM55fH31g==",
      "license": "Apache-2.0",
      "dependencies": {
        "zod": "^3.25.0 || ^4.0.0"
      }
    },
    "node_modules/zod": {
      "version": "4.2.1",
      "resolved": "https://registry.npmjs.org/zod/-/zod-4.2.1.tgz",
      "integrity": "sha512-0wZ1IRqGGhMP76gLqz8EyfBXKk0J2qo2+H3fi4mcUP/KtTocoX08nmIAHl1Z2kJIZbZee8KOpBCSNPRgauucjw==",
      "license": "MIT",
      "funding": {
        "url": "https://github.com/sponsors/colinhacks"
      }
    }
  }
}
